// !$*UTF8*$!
{
	archiveVersion = 1;
	classes = {
	};
	objectVersion = 50;
	objects = {

/* Begin PBXBuildFile section */
		A94AADB921C52271003F4920 /* DynamicResource.cpp in Sources */ = {isa = PBXBuildFile; fileRef = A94AADB521C52271003F4920 /* DynamicResource.cpp */; };
		A94AADBA21C52271003F4920 /* PCB.cpp in Sources */ = {isa = PBXBuildFile; fileRef = A94AADB621C52271003F4920 /* PCB.cpp */; };
		A94AADBB21C52271003F4920 /* main.cpp in Sources */ = {isa = PBXBuildFile; fileRef = A94AADB721C52271003F4920 /* main.cpp */; };
		A94AADBE21C5278C003F4920 /* OrderedResource.cpp in Sources */ = {isa = PBXBuildFile; fileRef = A94AADBC21C5278C003F4920 /* OrderedResource.cpp */; };
/* End PBXBuildFile section */

/* Begin PBXCopyFilesBuildPhase section */
		A94AADA821C5225D003F4920 /* CopyFiles */ = {
			isa = PBXCopyFilesBuildPhase;
			buildActionMask = 2147483647;
			dstPath = /usr/share/man/man1/;
			dstSubfolderSpec = 0;
			files = (
			);
			runOnlyForDeploymentPostprocessing = 1;
		};
/* End PBXCopyFilesBuildPhase section */

/* Begin PBXFileReference section */
		A94AADAA21C5225D003F4920 /* DeadLockHandle */ = {isa = PBXFileReference; explicitFileType = "compiled.mach-o.executable"; includeInIndex = 0; path = DeadLockHandle; sourceTree = BUILT_PRODUCTS_DIR; };
		A94AADB421C52271003F4920 /* DynamicResource.h */ = {isa = PBXFileReference; fileEncoding = 4; lastKnownFileType = sourcecode.c.h; path = DynamicResource.h; sourceTree = "<group>"; };
		A94AADB521C52271003F4920 /* DynamicResource.cpp */ = {isa = PBXFileReference; fileEncoding = 4; lastKnownFileType = sourcecode.cpp.cpp; path = DynamicResource.cpp; sourceTree = "<group>"; };
		A94AADB621C52271003F4920 /* PCB.cpp */ = {isa = PBXFileReference; fileEncoding = 4; lastKnownFileType = sourcecode.cpp.cpp; path = PCB.cpp; sourceTree = "<group>"; };
		A94AADB721C52271003F4920 /* main.cpp */ = {isa = PBXFileReference; fileEncoding = 4; lastKnownFileType = sourcecode.cpp.cpp; path = main.cpp; sourceTree = "<group>"; };
		A94AADB821C52271003F4920 /* PCB.h */ = {isa = PBXFileReference; fileEncoding = 4; lastKnownFileType = sourcecode.c.h; path = PCB.h; sourceTree = "<group>"; };
		A94AADBC21C5278C003F4920 /* OrderedResource.cpp */ = {isa = PBXFileReference; lastKnownFileType = sourcecode.cpp.cpp; path = OrderedResource.cpp; sourceTree = "<group>"; };
		A94AADBD21C5278C003F4920 /* OrderedResource.h */ = {isa = PBXFileReference; lastKnownFileType = sourcecode.c.h; path = OrderedResource.h; sourceTree = "<group>"; };
/* End PBXFileReference section */

/* Begin PBXFrameworksBuildPhase section */
		A94AADA721C5225D003F4920 /* Frameworks */ = {
			isa = PBXFrameworksBuildPhase;
			buildActionMask = 2147483647;
			files = (
			);
			runOnlyForDeploymentPostprocessing = 0;
		};
/* End PBXFrameworksBuildPhase section */

/* Begin PBXGroup section */
		A94AADA121C5225D003F4920 = {
			isa = PBXGroup;
			children = (
				A94AADAC21C5225D003F4920 /* DeadLockHandle */,
				A94AADAB21C5225D003F4920 /* Products */,
			);
			sourceTree = "<group>";
		};
		A94AADAB21C5225D003F4920 /* Products */ = {
			isa = PBXGroup;
			children = (
				A94AADAA21C5225D003F4920 /* DeadLockHandle */,
			);
			name = Products;
			sourceTree = "<group>";
		};
		A94AADAC21C5225D003F4920 /* DeadLockHandle */ = {
			isa = PBXGroup;
			children = (
				A94AADB721C52271003F4920 /* main.cpp */,
				A94AADBC21C5278C003F4920 /* OrderedResource.cpp */,
				A94AADBD21C5278C003F4920 /* OrderedResource.h */,
				A94AADB521C52271003F4920 /* DynamicResource.cpp */,
				A94AADB421C52271003F4920 /* DynamicResource.h */,
				A94AADB621C52271003F4920 /* PCB.cpp */,
				A94AADB821C52271003F4920 /* PCB.h */,
			);
			path = DeadLockHandle;
			sourceTree = "<group>";
		};
/* End PBXGroup section */

/* Begin PBXNativeTarget section */
		A94AADA921C5225D003F4920 /* DeadLockHandle */ = {
			isa = PBXNativeTarget;
			buildConfigurationList = A94AADB121C5225D003F4920 /* Build configuration list for PBXNativeTarget "DeadLockHandle" */;
			buildPhases = (
				A94AADA621C5225D003F4920 /* Sources */,
				A94AADA721C5225D003F4920 /* Frameworks */,
				A94AADA821C5225D003F4920 /* CopyFiles */,
			);
			buildRules = (
			);
			dependencies = (
			);
			name = DeadLockHandle;
			productName = DeadLockHandle;
			productReference = A94AADAA21C5225D003F4920 /* DeadLockHandle */;
			productType = "com.apple.product-type.tool";
		};
/* End PBXNativeTarget section */

/* Begin PBXProject section */
		A94AADA221C5225D003F4920 /* Project object */ = {
			isa = PBXProject;
			attributes = {
				LastUpgradeCheck = 1010;
				ORGANIZATIONNAME = "杜李";
				TargetAttributes = {
					A94AADA921C5225D003F4920 = {
						CreatedOnToolsVersion = 10.1;
					};
				};
			};
			buildConfigurationList = A94AADA521C5225D003F4920 /* Build configuration list for PBXProject "DeadLockHandle" */;
			compatibilityVersion = "Xcode 9.3";
			developmentRegion = en;
			hasScannedForEncodings = 0;
			knownRegions = (
				en,
			);
			mainGroup = A94AADA121C5225D003F4920;
			productRefGroup = A94AADAB21C5225D003F4920 /* Products */;
			projectDirPath = "";
			projectRoot = "";
			targets = (
				A94AADA921C5225D003F4920 /* DeadLockHandle */,
			);
		};
/* End PBXProject section */

/* Begin PBXSourcesBuildPhase section */
		A94AADA621C5225D003F4920 /* Sources */ = {
			isa = PBXSourcesBuildPhase;
			buildActionMask = 2147483647;
			files = (
				A94AADBA21C52271003F4920 /* PCB.cpp in Sources */,
				A94AADB921C52271003F4920 /* DynamicResource.cpp in Sources */,
				A94AADBB21C52271003F4920 /* main.cpp in Sources */,
				A94AADBE21C5278C003F4920 /* OrderedResource.cpp in Sources */,
			);
			runOnlyForDeploymentPostprocessing = 0;
		};
/* End PBXSourcesBuildPhase section */

/* Begin XCBuildConfiguration section */
		A94AADAF21C5225D003F4920 /* Debug */ = {
			isa = XCBuildConfiguration;
			buildSettings = {
				ALWAYS_SEARCH_USER_PATHS = NO;
				CLANG_ANALYZER_NONNULL = YES;
				CLANG_ANALYZER_NUMBER_OBJECT_CONVERSION = YES_AGGRESSIVE;
				CLANG_CXX_LANGUAGE_STANDARD = "gnu++14";
				CLANG_CXX_LIBRARY = "libc++";
				CLANG_ENABLE_MODULES = YES;
				CLANG_ENABLE_OBJC_ARC = YES;
				CLANG_ENABLE_OBJC_WEAK = YES;
				CLANG_WARN_BLOCK_CAPTURE_AUTORELEASING = YES;
				CLANG_WARN_BOOL_CONVERSION = YES;
				CLANG_WARN_COMMA = YES;
				CLANG_WARN_CONSTANT_CONVERSION = YES;
				CLANG_WARN_DEPRECATED_OBJC_IMPLEMENTATIONS = YES;
				CLANG_WARN_DIRECT_OBJC_ISA_USAGE = YES_ERROR;
				CLANG_WARN_DOCUMENTATION_COMMENTS = YES;
				CLANG_WARN_EMPTY_BODY = YES;
				CLANG_WARN_ENUM_CONVERSION = YES;
				CLANG_WARN_INFINITE_RECURSION = YES;
				CLANG_WARN_INT_CONVERSION = YES;
				CLANG_WARN_NON_LITERAL_NULL_CONVERSION = YES;
				CLANG_WARN_OBJC_IMPLICIT_RETAIN_SELF = YES;
				CLANG_WARN_OBJC_LITERAL_CONVERSION = YES;
				CLANG_WARN_OBJC_ROOT_CLASS = YES_ERROR;
				CLANG_WARN_RANGE_LOOP_ANALYSIS = YES;
				CLANG_WARN_STRICT_PROTOTYPES = YES;
				CLANG_WARN_SUSPICIOUS_MOVE = YES;
				CLANG_WARN_UNGUARDED_AVAILABILITY = YES_AGGRESSIVE;
				CLANG_WARN_UNREACHABLE_CODE = YES;
				CLANG_WARN__DUPLICATE_METHOD_MATCH = YES;
				CODE_SIGN_IDENTITY = "-";
				COPY_PHASE_STRIP = NO;
				DEBUG_INFORMATION_FORMAT = dwarf;
				ENABLE_STRICT_OBJC_MSGSEND = YES;
				ENABLE_TESTABILITY = YES;
				GCC_C_LANGUAGE_STANDARD = gnu11;
				GCC_DYNAMIC_NO_PIC = NO;
				GCC_NO_COMMON_BLOCKS = YES;
				GCC_OPTIMIZATION_LEVEL = 0;
				GCC_PREPROCESSOR_DEFINITIONS = (
					"DEBUG=1",
					"$(inherited)",
				);
				GCC_WARN_64_TO_32_BIT_CONVERSION = YES;
				GCC_WARN_ABOUT_RETURN_TYPE = YES_ERROR;
				GCC_WARN_UNDECLARED_SELECTOR = YES;
				GCC_WARN_UNINITIALIZED_AUTOS = YES_AGGRESSIVE;
				GCC_WARN_UNUSED_FUNCTION = YES;
				GCC_WARN_UNUSED_VARIABLE = YES;
				MACOSX_DEPLOYMENT_TARGET = 10.13;
				MTL_ENABLE_DEBUG_INFO = INCLUDE_SOURCE;
				MTL_FAST_MATH = YES;
				ONLY_ACTIVE_ARCH = YES;
				SDKROOT = macosx;
			};
			name = Debug;
		};
		A94AADB021C5225D003F4920 /* Release */ = {
			isa = XCBuildConfiguration;
			buildSettings = {
				ALWAYS_SEARCH_USER_PATHS = NO;
				CLANG_ANALYZER_NONNULL = YES;
				CLANG_ANALYZER_NUMBER_OBJECT_CONVERSION = YES_AGGRESSIVE;
				CLANG_CXX_LANGUAGE_STANDARD = "gnu++14";
				CLANG_CXX_LIBRARY = "libc++";
				CLANG_ENABLE_MODULES = YES;
				CLANG_ENABLE_OBJC_ARC = YES;
				CLANG_ENABLE_OBJC_WEAK = YES;
				CLANG_WARN_BLOCK_CAPTURE_AUTORELEASING = YES;
				CLANG_WARN_BOOL_CONVERSION = YES;
				CLANG_WARN_COMMA = YES;
				CLANG_WARN_CONSTANT_CONVERSION = YES;
				CLANG_WARN_DEPRECATED_OBJC_IMPLEMENTATIONS = YES;
				CLANG_WARN_DIRECT_OBJC_ISA_USAGE = YES_ERROR;
				CLANG_WARN_DOCUMENTATION_COMMENTS = YES;
				CLANG_WARN_EMPTY_BODY = YES;
				CLANG_WARN_ENUM_CONVERSION = YES;
				CLANG_WARN_INFINITE_RECURSION = YES;
				CLANG_WARN_INT_CONVERSION = YES;
				CLANG_WARN_NON_LITERAL_NULL_CONVERSION = YES;
				CLANG_WARN_OBJC_IMPLICIT_RETAIN_SELF = YES;
				CLANG_WARN_OBJC_LITERAL_CONVERSION = YES;
				CLANG_WARN_OBJC_ROOT_CLASS = YES_ERROR;
				CLANG_WARN_RANGE_LOOP_ANALYSIS = YES;
				CLANG_WARN_STRICT_PROTOTYPES = YES;
				CLANG_WARN_SUSPICIOUS_MOVE = YES;
				CLANG_WARN_UNGUARDED_AVAILABILITY = YES_AGGRESSIVE;
				CLANG_WARN_UNREACHABLE_CODE = YES;
				CLANG_WARN__DUPLICATE_METHOD_MATCH = YES;
				CODE_SIGN_IDENTITY = "-";
				COPY_PHASE_STRIP = NO;
				DEBUG_INFORMATION_FORMAT = "dwarf-with-dsym";
				ENABLE_NS_ASSERTIONS = NO;
				ENABLE_STRICT_OBJC_MSGSEND = YES;
				GCC_C_LANGUAGE_STANDARD = gnu11;
				GCC_NO_COMMON_BLOCKS = YES;
				GCC_WARN_64_TO_32_BIT_CONVERSION = YES;
				GCC_WARN_ABOUT_RETURN_TYPE = YES_ERROR;
				GCC_WARN_UNDECLARED_SELECTOR = YES;
				GCC_WARN_UNINITIALIZED_AUTOS = YES_AGGRESSIVE;
				GCC_WARN_UNUSED_FUNCTION = YES;
				GCC_WARN_UNUSED_VARIABLE = YES;
				MACOSX_DEPLOYMENT_TARGET = 10.13;
				MTL_ENABLE_DEBUG_INFO = NO;
				MTL_FAST_MATH = YES;
				SDKROOT = macosx;
			};
			name = Release;
		};
		A94AADB221C5225D003F4920 /* Debug */ = {
			isa = XCBuildConfiguration;
			buildSettings = {
				CODE_SIGN_STYLE = Automatic;
				PRODUCT_NAME = "$(TARGET_NAME)";
			};
			name = Debug;
		};
		A94AADB321C5225D003F4920 /* Release */ = {
			isa = XCBuildConfiguration;
			buildSettings = {
				CODE_SIGN_STYLE = Automatic;
				PRODUCT_NAME = "$(TARGET_NAME)";
			};
			name = Release;
		};
/* End XCBuildConfiguration section */

/* Begin XCConfigurationList section */
		A94AADA521C5225D003F4920 /* Build configuration list for PBXProject "DeadLockHandle" */ = {
			isa = XCConfigurationList;
			buildConfigurations = (
				A94AADAF21C5225D003F4920 /* Debug */,
				A94AADB021C5225D003F4920 /* Release */,
			);
			defaultConfigurationIsVisible = 0;
			defaultConfigurationName = Release;
		};
		A94AADB121C5225D003F4920 /* Build configuration list for PBXNativeTarget "DeadLockHandle" */ = {
			isa = XCConfigurationList;
			buildConfigurations = (
				A94AADB221C5225D003F4920 /* Debug */,
				A94AADB321C5225D003F4920 /* Release */,
			);
			defaultConfigurationIsVisible = 0;
			defaultConfigurationName = Release;
		};
/* End XCConfigurationList section */
	};
	rootObject = A94AADA221C5225D003F4920 /* Project object */;
}
